[{<<"epgpool">>,
  {git,"git://github.com/egobrain/epgpool",
       {ref,"f0aec246d102e0759a8ef519abdc12f69fd7d956"}},
  0},
 {<<"epgsql">>,
  {git,"git://github.com/epgsql/epgsql.git",
       {ref,"25dd3c076e838879f1d74cfc06209f374f7b7ff6"}},
  1},
 {<<"equery">>,
  {git,"git://github.com/egobrain/equery",
       {ref,"1480edad04112f30f90d1f5f7026e6b1baea3803"}},
  0},
 {<<"goldrush">>,
  {git,"git://github.com/DeadZen/goldrush.git",
       {ref,"64864ba7fcf40988361340e48680b49a2c2938cf"}},
  2},
 {<<"jiffy">>,
  {git,"git://github.com/davisp/jiffy.git",
       {ref,"1febce3ca86c5ca5d5a3618ed3d5f125bb99e4c5"}},
  0},
 {<<"lager">>,
  {git,"git://github.com/basho/lager.git",
       {ref,"599dda6786a81200e00b3d9b4b36951e052727a3"}},
  1},
 {<<"poolboy">>,
  {git,"git://github.com/devinus/poolboy.git",
       {ref,"fa87a6e51534d02c04a118a2f037d0ff296f2309"}},
  1},
 {<<"zlist">>,
  {git,"git://github.com/egobrain/zlist",
       {ref,"54049d2877c17dea09e31e1bc071dbd6bcc08b61"}},
  0}].
