{"1.1.0",
[{<<"epgpool">>,{pkg,<<"epgpool">>,<<"1.0.2">>},0},
 {<<"epgsql">>,{pkg,<<"epgsql">>,<<"3.2.0">>},1},
 {<<"equery">>,{pkg,<<"equery">>,<<"0.9.1">>},0},
 {<<"goldrush">>,{pkg,<<"goldrush">>,<<"0.1.8">>},1},
 {<<"jiffy">>,{pkg,<<"jiffy">>,<<"0.14.7">>},0},
 {<<"lager">>,{pkg,<<"lager">>,<<"3.2.1">>},0},
 {<<"poolboy">>,{pkg,<<"poolboy">>,<<"1.4.2">>},1},
 {<<"zlist">>,{pkg,<<"zlist">>,<<"1.0.3">>},0}]}.
[
{pkg_hash,[
 {<<"epgpool">>, <<"03AB0FBA28540F6CBBE974BC891B1872BBD597E8123910EB7786CC1EF34C485B">>},
 {<<"epgsql">>, <<"2277244364628CCFC271A843F4B014729D0799BCB99B70C2216BCFD6DD6B409E">>},
 {<<"equery">>, <<"11EFDAE4186BC168370C64FF33522AC0EEAA4F855B65C9D06E499B6AC6656175">>},
 {<<"goldrush">>, <<"2024BA375CEEA47E27EA70E14D2C483B2D8610101B4E852EF7F89163CDB6E649">>},
 {<<"jiffy">>, <<"9F33B893EDD6041CEAE03BC1E50B412E858CC80B46F3D7535A7A9940A79A1C37">>},
 {<<"lager">>, <<"EEF4E18B39E4195D37606D9088EA05BF1B745986CF8EC84F01D332456FE88D17">>},
 {<<"poolboy">>, <<"619519C7708DD001CE9B61908218D03FF582C3BA44A1E129D694376C2B332D87">>},
 {<<"zlist">>, <<"81E3E4E7BEB86D52E767CAF42597C319256ACA3E69356C413C785579233D4F7D">>}]}
].
